
Microsoft Visual Studio Solution File, Format Version 12.00
# Visual Studio 14
VisualStudioVersion = 14.0.25420.1
MinimumVisualStudioVersion = 10.0.40219.1
Project("{FAE04EC0-301F-11D3-BF4B-00C04F79EFBC}") = "Hangman", "Hangman\Hangman.csproj", "{E87F3DCC-E5DC-406A-B3E8-248CA87BF351}"
EndProject
Project("{FAE04EC0-301F-11D3-BF4B-00C04F79EFBC}") = "Hangman.Tests", "Hangman.Tests\Hangman.Tests.csproj", "{066FF423-3D29-4B9C-B4D9-9427D2259760}"
EndProject
Global
	GlobalSection(SolutionConfigurationPlatforms) = preSolution
		Debug|Any CPU = Debug|Any CPU
		Release|Any CPU = Release|Any CPU
	EndGlobalSection
	GlobalSection(ProjectConfigurationPlatforms) = postSolution
		{E87F3DCC-E5DC-406A-B3E8-248CA87BF351}.Debug|Any CPU.ActiveCfg = Debug|Any CPU
		{E87F3DCC-E5DC-406A-B3E8-248CA87BF351}.Debug|Any CPU.Build.0 = Debug|Any CPU
		{E87F3DCC-E5DC-406A-B3E8-248CA87BF351}.Release|Any CPU.ActiveCfg = Release|Any CPU
		{E87F3DCC-E5DC-406A-B3E8-248CA87BF351}.Release|Any CPU.Build.0 = Release|Any CPU
		{066FF423-3D29-4B9C-B4D9-9427D2259760}.Debug|Any CPU.ActiveCfg = Debug|Any CPU
		{066FF423-3D29-4B9C-B4D9-9427D2259760}.Debug|Any CPU.Build.0 = Debug|Any CPU
		{066FF423-3D29-4B9C-B4D9-9427D2259760}.Release|Any CPU.ActiveCfg = Release|Any CPU
		{066FF423-3D29-4B9C-B4D9-9427D2259760}.Release|Any CPU.Build.0 = Release|Any CPU
	EndGlobalSection
	GlobalSection(SolutionProperties) = preSolution
		HideSolutionNode = FALSE
	EndGlobalSection
EndGlobal
